
Microsoft Visual Studio Solution File, Format Version 12.00
# Visual Studio Version 16
VisualStudioVersion = 16.0.31605.320
MinimumVisualStudioVersion = 10.0.40219.1
Project("{FAE04EC0-301F-11D3-BF4B-00C04F79EFBC}") = "ScreenCapture", "ScreenCapture\ScreenCapture.csproj", "{B2EBD79B-8FAE-4C05-8C0B-1314186D4078}"
EndProject
Global
	GlobalSection(SolutionConfigurationPlatforms) = preSolution
		Debug|Any CPU = Debug|Any CPU
		Release|Any CPU = Release|Any CPU
	EndGlobalSection
	GlobalSection(ProjectConfigurationPlatforms) = postSolution
		{B2EBD79B-8FAE-4C05-8C0B-1314186D4078}.Debug|Any CPU.ActiveCfg = Debug|Any CPU
		{B2EBD79B-8FAE-4C05-8C0B-1314186D4078}.Debug|Any CPU.Build.0 = Debug|Any CPU
		{B2EBD79B-8FAE-4C05-8C0B-1314186D4078}.Release|Any CPU.ActiveCfg = Release|Any CPU
		{B2EBD79B-8FAE-4C05-8C0B-1314186D4078}.Release|Any CPU.Build.0 = Release|Any CPU
	EndGlobalSection
	GlobalSection(SolutionProperties) = preSolution
		HideSolutionNode = FALSE
	EndGlobalSection
	GlobalSection(ExtensibilityGlobals) = postSolution
		SolutionGuid = {DB923BA3-E5AC-4E0E-8398-DF407C283092}
	EndGlobalSection
EndGlobal
